// !$*UTF8*$!
{
	archiveVersion = 1;
	classes = {
	};
	objectVersion = 56;
	objects = {

/* Begin PBXBuildFile section */
		451335302CB7B0CF00D54FDA /* CodeScanner in Frameworks */ = {isa = PBXBuildFile; productRef = 4513352F2CB7B0CF00D54FDA /* CodeScanner */; };
		451335352CB7B1AF00D54FDA /* MenuFooter.swift in Sources */ = {isa = PBXBuildFile; fileRef = 451335342CB7B1AF00D54FDA /* MenuFooter.swift */; };
		451335372CB7B20400D54FDA /* ScannerActionButton.swift in Sources */ = {isa = PBXBuildFile; fileRef = 451335362CB7B20400D54FDA /* ScannerActionButton.swift */; };
		451B8B562C78E50200996282 /* Utils.swift in Sources */ = {isa = PBXBuildFile; fileRef = 451B8B552C78E50200996282 /* Utils.swift */; };
		451B8B592C78F03E00996282 /* SingUpView.swift in Sources */ = {isa = PBXBuildFile; fileRef = 451B8B582C78F03E00996282 /* SingUpView.swift */; };
		451B8B5C2C79239F00996282 /* HomeView.swift in Sources */ = {isa = PBXBuildFile; fileRef = 451B8B5B2C79239F00996282 /* HomeView.swift */; };
		45381FA52C781ADD003B3FF5 /* LoginViewModel.swift in Sources */ = {isa = PBXBuildFile; fileRef = 45381FA42C781ADD003B3FF5 /* LoginViewModel.swift */; };
		45381FA82C7823A0003B3FF5 /* LoginModel.swift in Sources */ = {isa = PBXBuildFile; fileRef = 45381FA72C7823A0003B3FF5 /* LoginModel.swift */; };
		45381FAB2C782421003B3FF5 /* UtilString.swift in Sources */ = {isa = PBXBuildFile; fileRef = 45381FAA2C782421003B3FF5 /* UtilString.swift */; };
		45381FAE2C782671003B3FF5 /* ApiRouter.swift in Sources */ = {isa = PBXBuildFile; fileRef = 45381FAD2C782671003B3FF5 /* ApiRouter.swift */; };
		4539F71E2C4F61380036E0B0 /* checkStoreApp.swift in Sources */ = {isa = PBXBuildFile; fileRef = 4539F71D2C4F61380036E0B0 /* checkStoreApp.swift */; };
		4539F7202C4F61380036E0B0 /* ContentView.swift in Sources */ = {isa = PBXBuildFile; fileRef = 4539F71F2C4F61380036E0B0 /* ContentView.swift */; };
		4539F7222C4F61390036E0B0 /* Assets.xcassets in Resources */ = {isa = PBXBuildFile; fileRef = 4539F7212C4F61390036E0B0 /* Assets.xcassets */; };
		4539F7252C4F61390036E0B0 /* Preview Assets.xcassets in Resources */ = {isa = PBXBuildFile; fileRef = 4539F7242C4F61390036E0B0 /* Preview Assets.xcassets */; };
		453FF3F32C6D7E74005D4E25 /* Login animation.json in Resources */ = {isa = PBXBuildFile; fileRef = 453FF3F22C6D7E74005D4E25 /* Login animation.json */; };
		453FF3F52C6D7EA3005D4E25 /* Constants.swift in Sources */ = {isa = PBXBuildFile; fileRef = 453FF3F42C6D7EA3005D4E25 /* Constants.swift */; };
		453FF3F82C6D7F60005D4E25 /* LottieView.swift in Sources */ = {isa = PBXBuildFile; fileRef = 453FF3F72C6D7F60005D4E25 /* LottieView.swift */; };
		4559781C2C6E7182001FBF25 /* GoogleService-Info.plist in Resources */ = {isa = PBXBuildFile; fileRef = 4559781B2C6E7182001FBF25 /* GoogleService-Info.plist */; };
		455F77A12C868A2F00ABD3C2 /* CustomSettings.swift in Sources */ = {isa = PBXBuildFile; fileRef = 455F77A02C868A2F00ABD3C2 /* CustomSettings.swift */; };
		456305122C87CFB1000F74FC /* HomeViewModel.swift in Sources */ = {isa = PBXBuildFile; fileRef = 456305112C87CFB1000F74FC /* HomeViewModel.swift */; };
		459B87262C8E917100D6E952 /* SignUpViewModel.swift in Sources */ = {isa = PBXBuildFile; fileRef = 459B87252C8E917100D6E952 /* SignUpViewModel.swift */; };
		45AD40D02C8E904900013BA2 /* UserModel.swift in Sources */ = {isa = PBXBuildFile; fileRef = 45AD40CF2C8E904900013BA2 /* UserModel.swift */; };
		45AD40D22C8E907300013BA2 /* singUpModel.swift in Sources */ = {isa = PBXBuildFile; fileRef = 45AD40D12C8E907300013BA2 /* singUpModel.swift */; };
		45D466982C6DD5090010597C /* LoginView.swift in Sources */ = {isa = PBXBuildFile; fileRef = 45D466972C6DD5090010597C /* LoginView.swift */; };
		45D4669A2C6DD6C10010597C /* spinner animation.json in Resources */ = {isa = PBXBuildFile; fileRef = 45D466992C6DD6C10010597C /* spinner animation.json */; };
		45D4669C2C6DD9520010597C /* SpinnerView.swift in Sources */ = {isa = PBXBuildFile; fileRef = 45D4669B2C6DD9520010597C /* SpinnerView.swift */; };
/* End PBXBuildFile section */

/* Begin PBXFileReference section */
		451335342CB7B1AF00D54FDA /* MenuFooter.swift */ = {isa = PBXFileReference; lastKnownFileType = sourcecode.swift; path = MenuFooter.swift; sourceTree = "<group>"; };
		451335362CB7B20400D54FDA /* ScannerActionButton.swift */ = {isa = PBXFileReference; lastKnownFileType = sourcecode.swift; path = ScannerActionButton.swift; sourceTree = "<group>"; };
		451B8B552C78E50200996282 /* Utils.swift */ = {isa = PBXFileReference; lastKnownFileType = sourcecode.swift; path = Utils.swift; sourceTree = "<group>"; };
		451B8B582C78F03E00996282 /* SingUpView.swift */ = {isa = PBXFileReference; lastKnownFileType = sourcecode.swift; path = SingUpView.swift; sourceTree = "<group>"; };
		451B8B5B2C79239F00996282 /* HomeView.swift */ = {isa = PBXFileReference; lastKnownFileType = sourcecode.swift; path = HomeView.swift; sourceTree = "<group>"; };
		45381FA42C781ADD003B3FF5 /* LoginViewModel.swift */ = {isa = PBXFileReference; lastKnownFileType = sourcecode.swift; path = LoginViewModel.swift; sourceTree = "<group>"; };
		45381FA72C7823A0003B3FF5 /* LoginModel.swift */ = {isa = PBXFileReference; lastKnownFileType = sourcecode.swift; path = LoginModel.swift; sourceTree = "<group>"; };
		45381FAA2C782421003B3FF5 /* UtilString.swift */ = {isa = PBXFileReference; lastKnownFileType = sourcecode.swift; path = UtilString.swift; sourceTree = "<group>"; };
		45381FAD2C782671003B3FF5 /* ApiRouter.swift */ = {isa = PBXFileReference; lastKnownFileType = sourcecode.swift; path = ApiRouter.swift; sourceTree = "<group>"; };
		4539F71A2C4F61380036E0B0 /* checkStore.app */ = {isa = PBXFileReference; explicitFileType = wrapper.application; includeInIndex = 0; path = checkStore.app; sourceTree = BUILT_PRODUCTS_DIR; };
		4539F71D2C4F61380036E0B0 /* checkStoreApp.swift */ = {isa = PBXFileReference; lastKnownFileType = sourcecode.swift; path = checkStoreApp.swift; sourceTree = "<group>"; };
		4539F71F2C4F61380036E0B0 /* ContentView.swift */ = {isa = PBXFileReference; lastKnownFileType = sourcecode.swift; path = ContentView.swift; sourceTree = "<group>"; };
		4539F7212C4F61390036E0B0 /* Assets.xcassets */ = {isa = PBXFileReference; lastKnownFileType = folder.assetcatalog; path = Assets.xcassets; sourceTree = "<group>"; };
		4539F7242C4F61390036E0B0 /* Preview Assets.xcassets */ = {isa = PBXFileReference; lastKnownFileType = folder.assetcatalog; path = "Preview Assets.xcassets"; sourceTree = "<group>"; };
		453FF3F22C6D7E74005D4E25 /* Login animation.json */ = {isa = PBXFileReference; fileEncoding = 4; lastKnownFileType = text.json; path = "Login animation.json"; sourceTree = "<group>"; };
		453FF3F42C6D7EA3005D4E25 /* Constants.swift */ = {isa = PBXFileReference; lastKnownFileType = sourcecode.swift; path = Constants.swift; sourceTree = "<group>"; };
		453FF3F72C6D7F60005D4E25 /* LottieView.swift */ = {isa = PBXFileReference; lastKnownFileType = sourcecode.swift; path = LottieView.swift; sourceTree = "<group>"; };
		4559781B2C6E7182001FBF25 /* GoogleService-Info.plist */ = {isa = PBXFileReference; fileEncoding = 4; lastKnownFileType = text.plist.xml; path = "GoogleService-Info.plist"; sourceTree = "<group>"; };
		455F77A02C868A2F00ABD3C2 /* CustomSettings.swift */ = {isa = PBXFileReference; lastKnownFileType = sourcecode.swift; path = CustomSettings.swift; sourceTree = "<group>"; };
		456305112C87CFB1000F74FC /* HomeViewModel.swift */ = {isa = PBXFileReference; lastKnownFileType = sourcecode.swift; path = HomeViewModel.swift; sourceTree = "<group>"; };
		459B87252C8E917100D6E952 /* SignUpViewModel.swift */ = {isa = PBXFileReference; lastKnownFileType = sourcecode.swift; path = SignUpViewModel.swift; sourceTree = "<group>"; };
		45AD40CF2C8E904900013BA2 /* UserModel.swift */ = {isa = PBXFileReference; lastKnownFileType = sourcecode.swift; path = UserModel.swift; sourceTree = "<group>"; };
		45AD40D12C8E907300013BA2 /* singUpModel.swift */ = {isa = PBXFileReference; lastKnownFileType = sourcecode.swift; path = singUpModel.swift; sourceTree = "<group>"; };
		45D466972C6DD5090010597C /* LoginView.swift */ = {isa = PBXFileReference; lastKnownFileType = sourcecode.swift; path = LoginView.swift; sourceTree = "<group>"; };
		45D466992C6DD6C10010597C /* spinner animation.json */ = {isa = PBXFileReference; fileEncoding = 4; lastKnownFileType = text.json; path = "spinner animation.json"; sourceTree = "<group>"; };
		45D4669B2C6DD9520010597C /* SpinnerView.swift */ = {isa = PBXFileReference; lastKnownFileType = sourcecode.swift; path = SpinnerView.swift; sourceTree = "<group>"; };
/* End PBXFileReference section */

/* Begin PBXFrameworksBuildPhase section */
		4539F7172C4F61380036E0B0 /* Frameworks */ = {
			isa = PBXFrameworksBuildPhase;
			buildActionMask = 2147483647;
			files = (
				451335302CB7B0CF00D54FDA /* CodeScanner in Frameworks */,
			);
			runOnlyForDeploymentPostprocessing = 0;
		};
/* End PBXFrameworksBuildPhase section */

/* Begin PBXGroup section */
		451335312CB7B16300D54FDA /* components */ = {
			isa = PBXGroup;
			children = (
				451335342CB7B1AF00D54FDA /* MenuFooter.swift */,
				451335362CB7B20400D54FDA /* ScannerActionButton.swift */,
			);
			path = components;
			sourceTree = "<group>";
		};
		451B8B572C78EDFE00996282 /* SingUP */ = {
			isa = PBXGroup;
			children = (
				451B8B582C78F03E00996282 /* SingUpView.swift */,
				45AD40D12C8E907300013BA2 /* singUpModel.swift */,
				459B87252C8E917100D6E952 /* SignUpViewModel.swift */,
			);
			path = SingUP;
			sourceTree = "<group>";
		};
		451B8B5A2C79238D00996282 /* Home */ = {
			isa = PBXGroup;
			children = (
				456305102C87CF99000F74FC /* ViewModel */,
				451B8B5B2C79239F00996282 /* HomeView.swift */,
			);
			path = Home;
			sourceTree = "<group>";
		};
		45381FA92C782410003B3FF5 /* Utils */ = {
			isa = PBXGroup;
			children = (
				45381FAA2C782421003B3FF5 /* UtilString.swift */,
				45381FAD2C782671003B3FF5 /* ApiRouter.swift */,
				451B8B552C78E50200996282 /* Utils.swift */,
				455F77A02C868A2F00ABD3C2 /* CustomSettings.swift */,
			);
			path = Utils;
			sourceTree = "<group>";
		};
		4539F7112C4F61370036E0B0 = {
			isa = PBXGroup;
			children = (
				4539F71C2C4F61380036E0B0 /* checkStore */,
				4539F71B2C4F61380036E0B0 /* Products */,
			);
			sourceTree = "<group>";
		};
		4539F71B2C4F61380036E0B0 /* Products */ = {
			isa = PBXGroup;
			children = (
				4539F71A2C4F61380036E0B0 /* checkStore.app */,
			);
			name = Products;
			sourceTree = "<group>";
		};
		4539F71C2C4F61380036E0B0 /* checkStore */ = {
			isa = PBXGroup;
			children = (
				451335312CB7B16300D54FDA /* components */,
				45AD40CE2C8E902600013BA2 /* userModel */,
				453FF3F62C6D7F50005D4E25 /* reusableView */,
				45381FA92C782410003B3FF5 /* Utils */,
				451B8B5A2C79238D00996282 /* Home */,
				451B8B572C78EDFE00996282 /* SingUP */,
				45D466962C6DD4F50010597C /* Login */,
				453FF3F12C6D7E29005D4E25 /* LottieFiles */,
				4539F71D2C4F61380036E0B0 /* checkStoreApp.swift */,
				4539F71F2C4F61380036E0B0 /* ContentView.swift */,
				453FF3F42C6D7EA3005D4E25 /* Constants.swift */,
				4539F7212C4F61390036E0B0 /* Assets.xcassets */,
				4559781B2C6E7182001FBF25 /* GoogleService-Info.plist */,
				4539F7232C4F61390036E0B0 /* Preview Content */,
			);
			path = checkStore;
			sourceTree = "<group>";
		};
		4539F7232C4F61390036E0B0 /* Preview Content */ = {
			isa = PBXGroup;
			children = (
				4539F7242C4F61390036E0B0 /* Preview Assets.xcassets */,
			);
			path = "Preview Content";
			sourceTree = "<group>";
		};
		453FF3F12C6D7E29005D4E25 /* LottieFiles */ = {
			isa = PBXGroup;
			children = (
				45D466992C6DD6C10010597C /* spinner animation.json */,
				453FF3F22C6D7E74005D4E25 /* Login animation.json */,
			);
			path = LottieFiles;
			sourceTree = "<group>";
		};
		453FF3F62C6D7F50005D4E25 /* reusableView */ = {
			isa = PBXGroup;
			children = (
				453FF3F72C6D7F60005D4E25 /* LottieView.swift */,
				45D4669B2C6DD9520010597C /* SpinnerView.swift */,
			);
			path = reusableView;
			sourceTree = "<group>";
		};
		456305102C87CF99000F74FC /* ViewModel */ = {
			isa = PBXGroup;
			children = (
				456305112C87CFB1000F74FC /* HomeViewModel.swift */,
			);
			path = ViewModel;
			sourceTree = "<group>";
		};
		45AD40CE2C8E902600013BA2 /* userModel */ = {
			isa = PBXGroup;
			children = (
				45AD40CF2C8E904900013BA2 /* UserModel.swift */,
			);
			path = userModel;
			sourceTree = "<group>";
		};
		45D466962C6DD4F50010597C /* Login */ = {
			isa = PBXGroup;
			children = (
				45D466972C6DD5090010597C /* LoginView.swift */,
				45381FA42C781ADD003B3FF5 /* LoginViewModel.swift */,
				45381FA72C7823A0003B3FF5 /* LoginModel.swift */,
			);
			path = Login;
			sourceTree = "<group>";
		};
/* End PBXGroup section */

/* Begin PBXNativeTarget section */
		4539F7192C4F61380036E0B0 /* checkStore */ = {
			isa = PBXNativeTarget;
			buildConfigurationList = 4539F7282C4F61390036E0B0 /* Build configuration list for PBXNativeTarget "checkStore" */;
			buildPhases = (
				4539F7162C4F61380036E0B0 /* Sources */,
				4539F7172C4F61380036E0B0 /* Frameworks */,
				4539F7182C4F61380036E0B0 /* Resources */,
			);
			buildRules = (
			);
			dependencies = (
			);
			name = checkStore;
			productName = checkStore;
			productReference = 4539F71A2C4F61380036E0B0 /* checkStore.app */;
			productType = "com.apple.product-type.application";
		};
/* End PBXNativeTarget section */

/* Begin PBXProject section */
		4539F7122C4F61370036E0B0 /* Project object */ = {
			isa = PBXProject;
			attributes = {
				BuildIndependentTargetsInParallel = 1;
				LastSwiftUpdateCheck = 1540;
				LastUpgradeCheck = 1540;
				TargetAttributes = {
					4539F7192C4F61380036E0B0 = {
						CreatedOnToolsVersion = 15.4;
					};
				};
			};
			buildConfigurationList = 4539F7152C4F61380036E0B0 /* Build configuration list for PBXProject "checkStore" */;
			compatibilityVersion = "Xcode 14.0";
			developmentRegion = en;
			hasScannedForEncodings = 0;
			knownRegions = (
				en,
				Base,
			);
			mainGroup = 4539F7112C4F61370036E0B0;
			packageReferences = (
				4513352E2CB7B0CF00D54FDA /* XCRemoteSwiftPackageReference "CodeScanner" */,
			);
			productRefGroup = 4539F71B2C4F61380036E0B0 /* Products */;
			projectDirPath = "";
			projectRoot = "";
			targets = (
				4539F7192C4F61380036E0B0 /* checkStore */,
			);
		};
/* End PBXProject section */

/* Begin PBXResourcesBuildPhase section */
		4539F7182C4F61380036E0B0 /* Resources */ = {
			isa = PBXResourcesBuildPhase;
			buildActionMask = 2147483647;
			files = (
				4539F7252C4F61390036E0B0 /* Preview Assets.xcassets in Resources */,
				453FF3F32C6D7E74005D4E25 /* Login animation.json in Resources */,
				4559781C2C6E7182001FBF25 /* GoogleService-Info.plist in Resources */,
				45D4669A2C6DD6C10010597C /* spinner animation.json in Resources */,
				4539F7222C4F61390036E0B0 /* Assets.xcassets in Resources */,
			);
			runOnlyForDeploymentPostprocessing = 0;
		};
/* End PBXResourcesBuildPhase section */

/* Begin PBXSourcesBuildPhase section */
		4539F7162C4F61380036E0B0 /* Sources */ = {
			isa = PBXSourcesBuildPhase;
			buildActionMask = 2147483647;
			files = (
				4539F7202C4F61380036E0B0 /* ContentView.swift in Sources */,
				45AD40D22C8E907300013BA2 /* singUpModel.swift in Sources */,
				4539F71E2C4F61380036E0B0 /* checkStoreApp.swift in Sources */,
				451B8B5C2C79239F00996282 /* HomeView.swift in Sources */,
				459B87262C8E917100D6E952 /* SignUpViewModel.swift in Sources */,
				453FF3F52C6D7EA3005D4E25 /* Constants.swift in Sources */,
				451335352CB7B1AF00D54FDA /* MenuFooter.swift in Sources */,
				45381FAB2C782421003B3FF5 /* UtilString.swift in Sources */,
				451335372CB7B20400D54FDA /* ScannerActionButton.swift in Sources */,
				45D466982C6DD5090010597C /* LoginView.swift in Sources */,
				45D4669C2C6DD9520010597C /* SpinnerView.swift in Sources */,
				45381FA82C7823A0003B3FF5 /* LoginModel.swift in Sources */,
				451B8B562C78E50200996282 /* Utils.swift in Sources */,
				45381FAE2C782671003B3FF5 /* ApiRouter.swift in Sources */,
				45AD40D02C8E904900013BA2 /* UserModel.swift in Sources */,
				453FF3F82C6D7F60005D4E25 /* LottieView.swift in Sources */,
				455F77A12C868A2F00ABD3C2 /* CustomSettings.swift in Sources */,
				451B8B592C78F03E00996282 /* SingUpView.swift in Sources */,
				456305122C87CFB1000F74FC /* HomeViewModel.swift in Sources */,
				45381FA52C781ADD003B3FF5 /* LoginViewModel.swift in Sources */,
			);
			runOnlyForDeploymentPostprocessing = 0;
		};
/* End PBXSourcesBuildPhase section */

/* Begin XCBuildConfiguration section */
		4539F7262C4F61390036E0B0 /* Debug */ = {
			isa = XCBuildConfiguration;
			buildSettings = {
				ALWAYS_SEARCH_USER_PATHS = NO;
				ASSETCATALOG_COMPILER_GENERATE_SWIFT_ASSET_SYMBOL_EXTENSIONS = YES;
				CLANG_ANALYZER_NONNULL = YES;
				CLANG_ANALYZER_NUMBER_OBJECT_CONVERSION = YES_AGGRESSIVE;
				CLANG_CXX_LANGUAGE_STANDARD = "gnu++20";
				CLANG_ENABLE_MODULES = YES;
				CLANG_ENABLE_OBJC_ARC = YES;
				CLANG_ENABLE_OBJC_WEAK = YES;
				CLANG_WARN_BLOCK_CAPTURE_AUTORELEASING = YES;
				CLANG_WARN_BOOL_CONVERSION = YES;
				CLANG_WARN_COMMA = YES;
				CLANG_WARN_CONSTANT_CONVERSION = YES;
				CLANG_WARN_DEPRECATED_OBJC_IMPLEMENTATIONS = YES;
				CLANG_WARN_DIRECT_OBJC_ISA_USAGE = YES_ERROR;
				CLANG_WARN_DOCUMENTATION_COMMENTS = YES;
				CLANG_WARN_EMPTY_BODY = YES;
				CLANG_WARN_ENUM_CONVERSION = YES;
				CLANG_WARN_INFINITE_RECURSION = YES;
				CLANG_WARN_INT_CONVERSION = YES;
				CLANG_WARN_NON_LITERAL_NULL_CONVERSION = YES;
				CLANG_WARN_OBJC_IMPLICIT_RETAIN_SELF = YES;
				CLANG_WARN_OBJC_LITERAL_CONVERSION = YES;
				CLANG_WARN_OBJC_ROOT_CLASS = YES_ERROR;
				CLANG_WARN_QUOTED_INCLUDE_IN_FRAMEWORK_HEADER = YES;
				CLANG_WARN_RANGE_LOOP_ANALYSIS = YES;
				CLANG_WARN_STRICT_PROTOTYPES = YES;
				CLANG_WARN_SUSPICIOUS_MOVE = YES;
				CLANG_WARN_UNGUARDED_AVAILABILITY = YES_AGGRESSIVE;
				CLANG_WARN_UNREACHABLE_CODE = YES;
				CLANG_WARN__DUPLICATE_METHOD_MATCH = YES;
				COPY_PHASE_STRIP = NO;
				DEBUG_INFORMATION_FORMAT = dwarf;
				ENABLE_STRICT_OBJC_MSGSEND = YES;
				ENABLE_TESTABILITY = YES;
				ENABLE_USER_SCRIPT_SANDBOXING = YES;
				GCC_C_LANGUAGE_STANDARD = gnu17;
				GCC_DYNAMIC_NO_PIC = NO;
				GCC_NO_COMMON_BLOCKS = YES;
				GCC_OPTIMIZATION_LEVEL = 0;
				GCC_PREPROCESSOR_DEFINITIONS = (
					"DEBUG=1",
					"$(inherited)",
				);
				GCC_WARN_64_TO_32_BIT_CONVERSION = YES;
				GCC_WARN_ABOUT_RETURN_TYPE = YES_ERROR;
				GCC_WARN_UNDECLARED_SELECTOR = YES;
				GCC_WARN_UNINITIALIZED_AUTOS = YES_AGGRESSIVE;
				GCC_WARN_UNUSED_FUNCTION = YES;
				GCC_WARN_UNUSED_VARIABLE = YES;
				IPHONEOS_DEPLOYMENT_TARGET = 16.0;
				LOCALIZATION_PREFERS_STRING_CATALOGS = YES;
				MTL_ENABLE_DEBUG_INFO = INCLUDE_SOURCE;
				MTL_FAST_MATH = YES;
				ONLY_ACTIVE_ARCH = YES;
				SDKROOT = iphoneos;
				SWIFT_ACTIVE_COMPILATION_CONDITIONS = "DEBUG $(inherited)";
				SWIFT_OPTIMIZATION_LEVEL = "-Onone";
			};
			name = Debug;
		};
		4539F7272C4F61390036E0B0 /* Release */ = {
			isa = XCBuildConfiguration;
			buildSettings = {
				ALWAYS_SEARCH_USER_PATHS = NO;
				ASSETCATALOG_COMPILER_GENERATE_SWIFT_ASSET_SYMBOL_EXTENSIONS = YES;
				CLANG_ANALYZER_NONNULL = YES;
				CLANG_ANALYZER_NUMBER_OBJECT_CONVERSION = YES_AGGRESSIVE;
				CLANG_CXX_LANGUAGE_STANDARD = "gnu++20";
				CLANG_ENABLE_MODULES = YES;
				CLANG_ENABLE_OBJC_ARC = YES;
				CLANG_ENABLE_OBJC_WEAK = YES;
				CLANG_WARN_BLOCK_CAPTURE_AUTORELEASING = YES;
				CLANG_WARN_BOOL_CONVERSION = YES;
				CLANG_WARN_COMMA = YES;
				CLANG_WARN_CONSTANT_CONVERSION = YES;
				CLANG_WARN_DEPRECATED_OBJC_IMPLEMENTATIONS = YES;
				CLANG_WARN_DIRECT_OBJC_ISA_USAGE = YES_ERROR;
				CLANG_WARN_DOCUMENTATION_COMMENTS = YES;
				CLANG_WARN_EMPTY_BODY = YES;
				CLANG_WARN_ENUM_CONVERSION = YES;
				CLANG_WARN_INFINITE_RECURSION = YES;
				CLANG_WARN_INT_CONVERSION = YES;
				CLANG_WARN_NON_LITERAL_NULL_CONVERSION = YES;
				CLANG_WARN_OBJC_IMPLICIT_RETAIN_SELF = YES;
				CLANG_WARN_OBJC_LITERAL_CONVERSION = YES;
				CLANG_WARN_OBJC_ROOT_CLASS = YES_ERROR;
				CLANG_WARN_QUOTED_INCLUDE_IN_FRAMEWORK_HEADER = YES;
				CLANG_WARN_RANGE_LOOP_ANALYSIS = YES;
				CLANG_WARN_STRICT_PROTOTYPES = YES;
				CLANG_WARN_SUSPICIOUS_MOVE = YES;
				CLANG_WARN_UNGUARDED_AVAILABILITY = YES_AGGRESSIVE;
				CLANG_WARN_UNREACHABLE_CODE = YES;
				CLANG_WARN__DUPLICATE_METHOD_MATCH = YES;
				COPY_PHASE_STRIP = NO;
				DEBUG_INFORMATION_FORMAT = "dwarf-with-dsym";
				ENABLE_NS_ASSERTIONS = NO;
				ENABLE_STRICT_OBJC_MSGSEND = YES;
				ENABLE_USER_SCRIPT_SANDBOXING = YES;
				GCC_C_LANGUAGE_STANDARD = gnu17;
				GCC_NO_COMMON_BLOCKS = YES;
				GCC_WARN_64_TO_32_BIT_CONVERSION = YES;
				GCC_WARN_ABOUT_RETURN_TYPE = YES_ERROR;
				GCC_WARN_UNDECLARED_SELECTOR = YES;
				GCC_WARN_UNINITIALIZED_AUTOS = YES_AGGRESSIVE;
				GCC_WARN_UNUSED_FUNCTION = YES;
				GCC_WARN_UNUSED_VARIABLE = YES;
				IPHONEOS_DEPLOYMENT_TARGET = 16.0;
				LOCALIZATION_PREFERS_STRING_CATALOGS = YES;
				MTL_ENABLE_DEBUG_INFO = NO;
				MTL_FAST_MATH = YES;
				SDKROOT = iphoneos;
				SWIFT_COMPILATION_MODE = wholemodule;
				VALIDATE_PRODUCT = YES;
			};
			name = Release;
		};
		4539F7292C4F61390036E0B0 /* Debug */ = {
			isa = XCBuildConfiguration;
			buildSettings = {
				ASSETCATALOG_COMPILER_APPICON_NAME = AppIcon;
				ASSETCATALOG_COMPILER_GLOBAL_ACCENT_COLOR_NAME = AccentColor;
				CODE_SIGN_STYLE = Automatic;
				CURRENT_PROJECT_VERSION = 1;
				DEVELOPMENT_ASSET_PATHS = "\"checkStore/Preview Content\"";
				DEVELOPMENT_TEAM = 5ZCG6L5SS9;
				ENABLE_PREVIEWS = YES;
				GENERATE_INFOPLIST_FILE = YES;
				INFOPLIST_KEY_UIApplicationSceneManifest_Generation = YES;
				INFOPLIST_KEY_UIApplicationSupportsIndirectInputEvents = YES;
				INFOPLIST_KEY_UILaunchScreen_Generation = YES;
				INFOPLIST_KEY_UISupportedInterfaceOrientations_iPad = "UIInterfaceOrientationPortrait UIInterfaceOrientationPortraitUpsideDown UIInterfaceOrientationLandscapeLeft UIInterfaceOrientationLandscapeRight";
				INFOPLIST_KEY_UISupportedInterfaceOrientations_iPhone = "UIInterfaceOrientationPortrait UIInterfaceOrientationLandscapeLeft UIInterfaceOrientationLandscapeRight";
				IPHONEOS_DEPLOYMENT_TARGET = 16.0;
				LD_RUNPATH_SEARCH_PATHS = (
					"$(inherited)",
					"@executable_path/Frameworks",
				);
				MARKETING_VERSION = 1.0;
				PRODUCT_BUNDLE_IDENTIFIER = AEstevez.checkStore;
				PRODUCT_NAME = "$(TARGET_NAME)";
				SWIFT_EMIT_LOC_STRINGS = YES;
				SWIFT_VERSION = 5.0;
				TARGETED_DEVICE_FAMILY = "1,2";
			};
			name = Debug;
		};
		4539F72A2C4F61390036E0B0 /* Release */ = {
			isa = XCBuildConfiguration;
			buildSettings = {
				ASSETCATALOG_COMPILER_APPICON_NAME = AppIcon;
				ASSETCATALOG_COMPILER_GLOBAL_ACCENT_COLOR_NAME = AccentColor;
				CODE_SIGN_STYLE = Automatic;
				CURRENT_PROJECT_VERSION = 1;
				DEVELOPMENT_ASSET_PATHS = "\"checkStore/Preview Content\"";
				DEVELOPMENT_TEAM = 5ZCG6L5SS9;
				ENABLE_PREVIEWS = YES;
				GENERATE_INFOPLIST_FILE = YES;
				INFOPLIST_KEY_UIApplicationSceneManifest_Generation = YES;
				INFOPLIST_KEY_UIApplicationSupportsIndirectInputEvents = YES;
				INFOPLIST_KEY_UILaunchScreen_Generation = YES;
				INFOPLIST_KEY_UISupportedInterfaceOrientations_iPad = "UIInterfaceOrientationPortrait UIInterfaceOrientationPortraitUpsideDown UIInterfaceOrientationLandscapeLeft UIInterfaceOrientationLandscapeRight";
				INFOPLIST_KEY_UISupportedInterfaceOrientations_iPhone = "UIInterfaceOrientationPortrait UIInterfaceOrientationLandscapeLeft UIInterfaceOrientationLandscapeRight";
				LD_RUNPATH_SEARCH_PATHS = (
					"$(inherited)",
					"@executable_path/Frameworks",
				);
				MARKETING_VERSION = 1.0;
				PRODUCT_BUNDLE_IDENTIFIER = AEstevez.checkStore;
				PRODUCT_NAME = "$(TARGET_NAME)";
				SWIFT_EMIT_LOC_STRINGS = YES;
				SWIFT_VERSION = 5.0;
				TARGETED_DEVICE_FAMILY = "1,2";
			};
			name = Release;
		};
/* End XCBuildConfiguration section */

/* Begin XCConfigurationList section */
		4539F7152C4F61380036E0B0 /* Build configuration list for PBXProject "checkStore" */ = {
			isa = XCConfigurationList;
			buildConfigurations = (
				4539F7262C4F61390036E0B0 /* Debug */,
				4539F7272C4F61390036E0B0 /* Release */,
			);
			defaultConfigurationIsVisible = 0;
			defaultConfigurationName = Release;
		};
		4539F7282C4F61390036E0B0 /* Build configuration list for PBXNativeTarget "checkStore" */ = {
			isa = XCConfigurationList;
			buildConfigurations = (
				4539F7292C4F61390036E0B0 /* Debug */,
				4539F72A2C4F61390036E0B0 /* Release */,
			);
			defaultConfigurationIsVisible = 0;
			defaultConfigurationName = Release;
		};
/* End XCConfigurationList section */

/* Begin XCRemoteSwiftPackageReference section */
		4513352E2CB7B0CF00D54FDA /* XCRemoteSwiftPackageReference "CodeScanner" */ = {
			isa = XCRemoteSwiftPackageReference;
			repositoryURL = "https://github.com/twostraws/CodeScanner.git";
			requirement = {
				kind = upToNextMajorVersion;
				minimumVersion = 2.5.1;
			};
		};
/* End XCRemoteSwiftPackageReference section */

/* Begin XCSwiftPackageProductDependency section */
		4513352F2CB7B0CF00D54FDA /* CodeScanner */ = {
			isa = XCSwiftPackageProductDependency;
			package = 4513352E2CB7B0CF00D54FDA /* XCRemoteSwiftPackageReference "CodeScanner" */;
			productName = CodeScanner;
		};
/* End XCSwiftPackageProductDependency section */
	};
	rootObject = 4539F7122C4F61370036E0B0 /* Project object */;
}
